
Microsoft Visual Studio Solution File, Format Version 12.00
# Visual Studio 15
Project("{FAE04EC0-301F-11D3-BF4B-00C04F79EFBC}") = "tacticstest", "Assembly-CSharp.csproj", "{A41034B7-22BC-69E7-A762-10D4A3F73C6C}"
EndProject
Project("{FAE04EC0-301F-11D3-BF4B-00C04F79EFBC}") = "tacticstest", "Assembly-CSharp-Editor.csproj", "{63DF3A6A-195A-DE59-09C1-CDE7418E880D}"
EndProject
Global
	GlobalSection(SolutionConfigurationPlatforms) = preSolution
		Debug|Any CPU = Debug|Any CPU
		Release|Any CPU = Release|Any CPU
	EndGlobalSection
	GlobalSection(ProjectConfigurationPlatforms) = postSolution
		{A41034B7-22BC-69E7-A762-10D4A3F73C6C}.Debug|Any CPU.ActiveCfg = Debug|Any CPU
		{A41034B7-22BC-69E7-A762-10D4A3F73C6C}.Debug|Any CPU.Build.0 = Debug|Any CPU
		{A41034B7-22BC-69E7-A762-10D4A3F73C6C}.Release|Any CPU.ActiveCfg = Release|Any CPU
		{A41034B7-22BC-69E7-A762-10D4A3F73C6C}.Release|Any CPU.Build.0 = Release|Any CPU
		{63DF3A6A-195A-DE59-09C1-CDE7418E880D}.Debug|Any CPU.ActiveCfg = Debug|Any CPU
		{63DF3A6A-195A-DE59-09C1-CDE7418E880D}.Debug|Any CPU.Build.0 = Debug|Any CPU
		{63DF3A6A-195A-DE59-09C1-CDE7418E880D}.Release|Any CPU.ActiveCfg = Release|Any CPU
		{63DF3A6A-195A-DE59-09C1-CDE7418E880D}.Release|Any CPU.Build.0 = Release|Any CPU
	EndGlobalSection
	GlobalSection(SolutionProperties) = preSolution
		HideSolutionNode = FALSE
	EndGlobalSection
EndGlobal
